
Microsoft Visual Studio Solution File, Format Version 12.00
# Visual Studio Version 16
VisualStudioVersion = 16.0.30002.166
MinimumVisualStudioVersion = 10.0.40219.1
Project("{FAE04EC0-301F-11D3-BF4B-00C04F79EFBC}") = "finalprojectsa", "finalprojectsa\finalprojectsa.csproj", "{9485B907-DF57-49DB-8ECD-2B25CF3EEF98}"
EndProject
Project("{FAE04EC0-301F-11D3-BF4B-00C04F79EFBC}") = "productSOAP", "productSOAP\productSOAP.csproj", "{BB6D7EC1-D8CA-4EE0-A0AB-A2FC23FB338A}"
EndProject
Project("{FAE04EC0-301F-11D3-BF4B-00C04F79EFBC}") = "AccountSOAP", "AccountSOAP\AccountSOAP.csproj", "{F93A39F9-FC15-44B3-9AFF-B927F5946A46}"
EndProject
Global
	GlobalSection(SolutionConfigurationPlatforms) = preSolution
		Debug|Any CPU = Debug|Any CPU
		Release|Any CPU = Release|Any CPU
	EndGlobalSection
	GlobalSection(ProjectConfigurationPlatforms) = postSolution
		{9485B907-DF57-49DB-8ECD-2B25CF3EEF98}.Debug|Any CPU.ActiveCfg = Debug|Any CPU
		{9485B907-DF57-49DB-8ECD-2B25CF3EEF98}.Debug|Any CPU.Build.0 = Debug|Any CPU
		{9485B907-DF57-49DB-8ECD-2B25CF3EEF98}.Release|Any CPU.ActiveCfg = Release|Any CPU
		{9485B907-DF57-49DB-8ECD-2B25CF3EEF98}.Release|Any CPU.Build.0 = Release|Any CPU
		{BB6D7EC1-D8CA-4EE0-A0AB-A2FC23FB338A}.Debug|Any CPU.ActiveCfg = Debug|Any CPU
		{BB6D7EC1-D8CA-4EE0-A0AB-A2FC23FB338A}.Debug|Any CPU.Build.0 = Debug|Any CPU
		{BB6D7EC1-D8CA-4EE0-A0AB-A2FC23FB338A}.Release|Any CPU.ActiveCfg = Release|Any CPU
		{BB6D7EC1-D8CA-4EE0-A0AB-A2FC23FB338A}.Release|Any CPU.Build.0 = Release|Any CPU
		{F93A39F9-FC15-44B3-9AFF-B927F5946A46}.Debug|Any CPU.ActiveCfg = Debug|Any CPU
		{F93A39F9-FC15-44B3-9AFF-B927F5946A46}.Debug|Any CPU.Build.0 = Debug|Any CPU
		{F93A39F9-FC15-44B3-9AFF-B927F5946A46}.Release|Any CPU.ActiveCfg = Release|Any CPU
		{F93A39F9-FC15-44B3-9AFF-B927F5946A46}.Release|Any CPU.Build.0 = Release|Any CPU
	EndGlobalSection
	GlobalSection(SolutionProperties) = preSolution
		HideSolutionNode = FALSE
	EndGlobalSection
	GlobalSection(ExtensibilityGlobals) = postSolution
		SolutionGuid = {5906FDF0-0F95-4E38-9433-9CEB3532028C}
	EndGlobalSection
EndGlobal
