
Microsoft Visual Studio Solution File, Format Version 12.00
# Visual Studio Version 16
VisualStudioVersion = 16.0.30002.166
MinimumVisualStudioVersion = 10.0.40219.1
Project("{FAE04EC0-301F-11D3-BF4B-00C04F79EFBC}") = "Sa_finalproject", "Sa_finalproject\Sa_finalproject.csproj", "{7A80B65D-FD7F-4889-8261-F8250E992EDB}"
EndProject
Global
	GlobalSection(SolutionConfigurationPlatforms) = preSolution
		Debug|Any CPU = Debug|Any CPU
		Release|Any CPU = Release|Any CPU
	EndGlobalSection
	GlobalSection(ProjectConfigurationPlatforms) = postSolution
		{7A80B65D-FD7F-4889-8261-F8250E992EDB}.Debug|Any CPU.ActiveCfg = Debug|Any CPU
		{7A80B65D-FD7F-4889-8261-F8250E992EDB}.Debug|Any CPU.Build.0 = Debug|Any CPU
		{7A80B65D-FD7F-4889-8261-F8250E992EDB}.Release|Any CPU.ActiveCfg = Release|Any CPU
		{7A80B65D-FD7F-4889-8261-F8250E992EDB}.Release|Any CPU.Build.0 = Release|Any CPU
	EndGlobalSection
	GlobalSection(SolutionProperties) = preSolution
		HideSolutionNode = FALSE
	EndGlobalSection
	GlobalSection(ExtensibilityGlobals) = postSolution
		SolutionGuid = {2E01EA36-AD0C-42E0-B20B-C7553500B4E2}
	EndGlobalSection
EndGlobal
